
Microsoft Visual Studio Solution File, Format Version 12.00
# Visual Studio Version 17
VisualStudioVersion = 17.11.35222.181
MinimumVisualStudioVersion = 10.0.40219.1
Project("{9A19103F-16F7-4668-BE54-9A1E7A4F7556}") = "EU_CottonContainer", "EU_CottonContainer\EU_CottonContainer.csproj", "{77E470E4-E5C5-45F3-A6D8-9DC93CEC4E97}"
EndProject
Project("{2150E333-8FDC-42A3-9474-1A3956D46DE8}") = "App", "App", "{C6B65CF2-140F-4BBA-84BC-05BF68D6110F}"
EndProject
Project("{2150E333-8FDC-42A3-9474-1A3956D46DE8}") = "Components", "Components", "{CD3DB031-59E1-4347-8F37-6E1BDFD539F2}"
EndProject
Project("{9A19103F-16F7-4668-BE54-9A1E7A4F7556}") = "EU_CottonContainer.Model", "EU_CottonContainer.Model\EU_CottonContainer.Model.csproj", "{797BC65C-6502-43B4-BA63-9EEEC378B4F3}"
EndProject
Project("{9A19103F-16F7-4668-BE54-9A1E7A4F7556}") = "EU_CottonContainer.Data", "EU_CottonContainer.Data\EU_CottonContainer.Data.csproj", "{344EC16F-3F77-4596-B323-B43F101FE61A}"
EndProject
Project("{9A19103F-16F7-4668-BE54-9A1E7A4F7556}") = "EU_CottonContainer.Bussines", "EU_CottonContainer.Bussines\EU_CottonContainer.Bussines.csproj", "{4CD869C5-F2D1-4E6F-9294-EDEB5C4F0071}"
EndProject
Global
	GlobalSection(SolutionConfigurationPlatforms) = preSolution
		Debug|Any CPU = Debug|Any CPU
		Release|Any CPU = Release|Any CPU
	EndGlobalSection
	GlobalSection(ProjectConfigurationPlatforms) = postSolution
		{77E470E4-E5C5-45F3-A6D8-9DC93CEC4E97}.Debug|Any CPU.ActiveCfg = Debug|Any CPU
		{77E470E4-E5C5-45F3-A6D8-9DC93CEC4E97}.Debug|Any CPU.Build.0 = Debug|Any CPU
		{77E470E4-E5C5-45F3-A6D8-9DC93CEC4E97}.Release|Any CPU.ActiveCfg = Release|Any CPU
		{77E470E4-E5C5-45F3-A6D8-9DC93CEC4E97}.Release|Any CPU.Build.0 = Release|Any CPU
		{797BC65C-6502-43B4-BA63-9EEEC378B4F3}.Debug|Any CPU.ActiveCfg = Debug|Any CPU
		{797BC65C-6502-43B4-BA63-9EEEC378B4F3}.Debug|Any CPU.Build.0 = Debug|Any CPU
		{797BC65C-6502-43B4-BA63-9EEEC378B4F3}.Release|Any CPU.ActiveCfg = Release|Any CPU
		{797BC65C-6502-43B4-BA63-9EEEC378B4F3}.Release|Any CPU.Build.0 = Release|Any CPU
		{344EC16F-3F77-4596-B323-B43F101FE61A}.Debug|Any CPU.ActiveCfg = Debug|Any CPU
		{344EC16F-3F77-4596-B323-B43F101FE61A}.Debug|Any CPU.Build.0 = Debug|Any CPU
		{344EC16F-3F77-4596-B323-B43F101FE61A}.Release|Any CPU.ActiveCfg = Release|Any CPU
		{344EC16F-3F77-4596-B323-B43F101FE61A}.Release|Any CPU.Build.0 = Release|Any CPU
		{4CD869C5-F2D1-4E6F-9294-EDEB5C4F0071}.Debug|Any CPU.ActiveCfg = Debug|Any CPU
		{4CD869C5-F2D1-4E6F-9294-EDEB5C4F0071}.Debug|Any CPU.Build.0 = Debug|Any CPU
		{4CD869C5-F2D1-4E6F-9294-EDEB5C4F0071}.Release|Any CPU.ActiveCfg = Release|Any CPU
		{4CD869C5-F2D1-4E6F-9294-EDEB5C4F0071}.Release|Any CPU.Build.0 = Release|Any CPU
	EndGlobalSection
	GlobalSection(SolutionProperties) = preSolution
		HideSolutionNode = FALSE
	EndGlobalSection
	GlobalSection(NestedProjects) = preSolution
		{77E470E4-E5C5-45F3-A6D8-9DC93CEC4E97} = {C6B65CF2-140F-4BBA-84BC-05BF68D6110F}
		{797BC65C-6502-43B4-BA63-9EEEC378B4F3} = {CD3DB031-59E1-4347-8F37-6E1BDFD539F2}
		{344EC16F-3F77-4596-B323-B43F101FE61A} = {CD3DB031-59E1-4347-8F37-6E1BDFD539F2}
		{4CD869C5-F2D1-4E6F-9294-EDEB5C4F0071} = {CD3DB031-59E1-4347-8F37-6E1BDFD539F2}
	EndGlobalSection
	GlobalSection(ExtensibilityGlobals) = postSolution
		SolutionGuid = {CC4B2CB9-61CE-4426-8D68-891D9FC2F85E}
	EndGlobalSection
EndGlobal
